// !$*UTF8*$!
{
	archiveVersion = 1;
	classes = {
	};
	objectVersion = 56;
	objects = {

/* Begin PBXBuildFile section */
		E78A9C4C2C6233BC00AA2FF2 /* AppDelegate.swift in Sources */ = {isa = PBXBuildFile; fileRef = E78A9C4B2C6233BC00AA2FF2 /* AppDelegate.swift */; };
		E78A9C4E2C6233BD00AA2FF2 /* Assets.xcassets in Resources */ = {isa = PBXBuildFile; fileRef = E78A9C4D2C6233BD00AA2FF2 /* Assets.xcassets */; };
		E78A9C592C6233F100AA2FF2 /* SidebarView.xib in Resources */ = {isa = PBXBuildFile; fileRef = E78A9C582C6233F100AA2FF2 /* SidebarView.xib */; };
		E78A9C5B2C6233FB00AA2FF2 /* SidebarViewController.swift in Sources */ = {isa = PBXBuildFile; fileRef = E78A9C5A2C6233FB00AA2FF2 /* SidebarViewController.swift */; };
		E78A9C5D2C6235EB00AA2FF2 /* ContentView.xib in Resources */ = {isa = PBXBuildFile; fileRef = E78A9C5C2C6235EB00AA2FF2 /* ContentView.xib */; };
		E78A9C5F2C6235F600AA2FF2 /* ContentViewController.swift in Sources */ = {isa = PBXBuildFile; fileRef = E78A9C5E2C6235F600AA2FF2 /* ContentViewController.swift */; };
		E78A9C612C6236B600AA2FF2 /* ListItem.swift in Sources */ = {isa = PBXBuildFile; fileRef = E78A9C602C6236B600AA2FF2 /* ListItem.swift */; };
		E797D80B2C62419D007DC0EF /* MainMenu.xib in Resources */ = {isa = PBXBuildFile; fileRef = E797D80A2C624177007DC0EF /* MainMenu.xib */; };
/* End PBXBuildFile section */

/* Begin PBXFileReference section */
		E78A9C482C6233BC00AA2FF2 /* AppKitHierarchicalListPerformance.app */ = {isa = PBXFileReference; explicitFileType = wrapper.application; includeInIndex = 0; path = AppKitHierarchicalListPerformance.app; sourceTree = BUILT_PRODUCTS_DIR; };
		E78A9C4B2C6233BC00AA2FF2 /* AppDelegate.swift */ = {isa = PBXFileReference; lastKnownFileType = sourcecode.swift; path = AppDelegate.swift; sourceTree = "<group>"; };
		E78A9C4D2C6233BD00AA2FF2 /* Assets.xcassets */ = {isa = PBXFileReference; lastKnownFileType = folder.assetcatalog; path = Assets.xcassets; sourceTree = "<group>"; };
		E78A9C522C6233BD00AA2FF2 /* AppKitHierarchicalListPerformance.entitlements */ = {isa = PBXFileReference; lastKnownFileType = text.plist.entitlements; path = AppKitHierarchicalListPerformance.entitlements; sourceTree = "<group>"; };
		E78A9C582C6233F100AA2FF2 /* SidebarView.xib */ = {isa = PBXFileReference; lastKnownFileType = file.xib; path = SidebarView.xib; sourceTree = "<group>"; };
		E78A9C5A2C6233FB00AA2FF2 /* SidebarViewController.swift */ = {isa = PBXFileReference; lastKnownFileType = sourcecode.swift; path = SidebarViewController.swift; sourceTree = "<group>"; };
		E78A9C5C2C6235EB00AA2FF2 /* ContentView.xib */ = {isa = PBXFileReference; lastKnownFileType = file.xib; path = ContentView.xib; sourceTree = "<group>"; };
		E78A9C5E2C6235F600AA2FF2 /* ContentViewController.swift */ = {isa = PBXFileReference; lastKnownFileType = sourcecode.swift; path = ContentViewController.swift; sourceTree = "<group>"; };
		E78A9C602C6236B600AA2FF2 /* ListItem.swift */ = {isa = PBXFileReference; lastKnownFileType = sourcecode.swift; path = ListItem.swift; sourceTree = "<group>"; };
		E797D80A2C624177007DC0EF /* MainMenu.xib */ = {isa = PBXFileReference; lastKnownFileType = file.xib; path = MainMenu.xib; sourceTree = "<group>"; };
		E797D80C2C6241FA007DC0EF /* README.md */ = {isa = PBXFileReference; lastKnownFileType = net.daringfireball.markdown; path = README.md; sourceTree = "<group>"; };
/* End PBXFileReference section */

/* Begin PBXFrameworksBuildPhase section */
		E78A9C452C6233BC00AA2FF2 /* Frameworks */ = {
			isa = PBXFrameworksBuildPhase;
			buildActionMask = 2147483647;
			files = (
			);
			runOnlyForDeploymentPostprocessing = 0;
		};
/* End PBXFrameworksBuildPhase section */

/* Begin PBXGroup section */
		E78A9C3F2C6233BC00AA2FF2 = {
			isa = PBXGroup;
			children = (
				E797D80C2C6241FA007DC0EF /* README.md */,
				E78A9C5E2C6235F600AA2FF2 /* ContentViewController.swift */,
				E78A9C5C2C6235EB00AA2FF2 /* ContentView.xib */,
				E78A9C5A2C6233FB00AA2FF2 /* SidebarViewController.swift */,
				E78A9C582C6233F100AA2FF2 /* SidebarView.xib */,
				E78A9C4B2C6233BC00AA2FF2 /* AppDelegate.swift */,
				E797D80A2C624177007DC0EF /* MainMenu.xib */,
				E78A9C602C6236B600AA2FF2 /* ListItem.swift */,
				E78A9C522C6233BD00AA2FF2 /* AppKitHierarchicalListPerformance.entitlements */,
				E78A9C4D2C6233BD00AA2FF2 /* Assets.xcassets */,
				E78A9C492C6233BC00AA2FF2 /* Products */,
			);
			sourceTree = "<group>";
		};
		E78A9C492C6233BC00AA2FF2 /* Products */ = {
			isa = PBXGroup;
			children = (
				E78A9C482C6233BC00AA2FF2 /* AppKitHierarchicalListPerformance.app */,
			);
			name = Products;
			sourceTree = "<group>";
		};
/* End PBXGroup section */

/* Begin PBXNativeTarget section */
		E78A9C472C6233BC00AA2FF2 /* AppKitHierarchicalListPerformance */ = {
			isa = PBXNativeTarget;
			buildConfigurationList = E78A9C552C6233BD00AA2FF2 /* Build configuration list for PBXNativeTarget "AppKitHierarchicalListPerformance" */;
			buildPhases = (
				E78A9C442C6233BC00AA2FF2 /* Sources */,
				E78A9C452C6233BC00AA2FF2 /* Frameworks */,
				E78A9C462C6233BC00AA2FF2 /* Resources */,
			);
			buildRules = (
			);
			dependencies = (
			);
			name = AppKitHierarchicalListPerformance;
			productName = AppKitHierarchicalListPerformance;
			productReference = E78A9C482C6233BC00AA2FF2 /* AppKitHierarchicalListPerformance.app */;
			productType = "com.apple.product-type.application";
		};
/* End PBXNativeTarget section */

/* Begin PBXProject section */
		E78A9C402C6233BC00AA2FF2 /* Project object */ = {
			isa = PBXProject;
			attributes = {
				BuildIndependentTargetsInParallel = 1;
				LastSwiftUpdateCheck = 1540;
				LastUpgradeCheck = 1540;
				TargetAttributes = {
					E78A9C472C6233BC00AA2FF2 = {
						CreatedOnToolsVersion = 15.4;
					};
				};
			};
			buildConfigurationList = E78A9C432C6233BC00AA2FF2 /* Build configuration list for PBXProject "AppKitHierarchicalListPerformance" */;
			compatibilityVersion = "Xcode 14.0";
			developmentRegion = en;
			hasScannedForEncodings = 0;
			knownRegions = (
				en,
				Base,
			);
			mainGroup = E78A9C3F2C6233BC00AA2FF2;
			productRefGroup = E78A9C492C6233BC00AA2FF2 /* Products */;
			projectDirPath = "";
			projectRoot = "";
			targets = (
				E78A9C472C6233BC00AA2FF2 /* AppKitHierarchicalListPerformance */,
			);
		};
/* End PBXProject section */

/* Begin PBXResourcesBuildPhase section */
		E78A9C462C6233BC00AA2FF2 /* Resources */ = {
			isa = PBXResourcesBuildPhase;
			buildActionMask = 2147483647;
			files = (
				E78A9C4E2C6233BD00AA2FF2 /* Assets.xcassets in Resources */,
				E78A9C592C6233F100AA2FF2 /* SidebarView.xib in Resources */,
				E78A9C5D2C6235EB00AA2FF2 /* ContentView.xib in Resources */,
				E797D80B2C62419D007DC0EF /* MainMenu.xib in Resources */,
			);
			runOnlyForDeploymentPostprocessing = 0;
		};
/* End PBXResourcesBuildPhase section */

/* Begin PBXSourcesBuildPhase section */
		E78A9C442C6233BC00AA2FF2 /* Sources */ = {
			isa = PBXSourcesBuildPhase;
			buildActionMask = 2147483647;
			files = (
				E78A9C612C6236B600AA2FF2 /* ListItem.swift in Sources */,
				E78A9C5B2C6233FB00AA2FF2 /* SidebarViewController.swift in Sources */,
				E78A9C5F2C6235F600AA2FF2 /* ContentViewController.swift in Sources */,
				E78A9C4C2C6233BC00AA2FF2 /* AppDelegate.swift in Sources */,
			);
			runOnlyForDeploymentPostprocessing = 0;
		};
/* End PBXSourcesBuildPhase section */

/* Begin XCBuildConfiguration section */
		E78A9C532C6233BD00AA2FF2 /* Debug */ = {
			isa = XCBuildConfiguration;
			buildSettings = {
				ALWAYS_SEARCH_USER_PATHS = NO;
				ASSETCATALOG_COMPILER_GENERATE_SWIFT_ASSET_SYMBOL_EXTENSIONS = YES;
				CLANG_ANALYZER_NONNULL = YES;
				CLANG_ANALYZER_NUMBER_OBJECT_CONVERSION = YES_AGGRESSIVE;
				CLANG_CXX_LANGUAGE_STANDARD = "gnu++20";
				CLANG_ENABLE_MODULES = YES;
				CLANG_ENABLE_OBJC_ARC = YES;
				CLANG_ENABLE_OBJC_WEAK = YES;
				CLANG_WARN_BLOCK_CAPTURE_AUTORELEASING = YES;
				CLANG_WARN_BOOL_CONVERSION = YES;
				CLANG_WARN_COMMA = YES;
				CLANG_WARN_CONSTANT_CONVERSION = YES;
				CLANG_WARN_DEPRECATED_OBJC_IMPLEMENTATIONS = YES;
				CLANG_WARN_DIRECT_OBJC_ISA_USAGE = YES_ERROR;
				CLANG_WARN_DOCUMENTATION_COMMENTS = YES;
				CLANG_WARN_EMPTY_BODY = YES;
				CLANG_WARN_ENUM_CONVERSION = YES;
				CLANG_WARN_INFINITE_RECURSION = YES;
				CLANG_WARN_INT_CONVERSION = YES;
				CLANG_WARN_NON_LITERAL_NULL_CONVERSION = YES;
				CLANG_WARN_OBJC_IMPLICIT_RETAIN_SELF = YES;
				CLANG_WARN_OBJC_LITERAL_CONVERSION = YES;
				CLANG_WARN_OBJC_ROOT_CLASS = YES_ERROR;
				CLANG_WARN_QUOTED_INCLUDE_IN_FRAMEWORK_HEADER = YES;
				CLANG_WARN_RANGE_LOOP_ANALYSIS = YES;
				CLANG_WARN_STRICT_PROTOTYPES = YES;
				CLANG_WARN_SUSPICIOUS_MOVE = YES;
				CLANG_WARN_UNGUARDED_AVAILABILITY = YES_AGGRESSIVE;
				CLANG_WARN_UNREACHABLE_CODE = YES;
				CLANG_WARN__DUPLICATE_METHOD_MATCH = YES;
				COPY_PHASE_STRIP = NO;
				DEBUG_INFORMATION_FORMAT = dwarf;
				ENABLE_STRICT_OBJC_MSGSEND = YES;
				ENABLE_TESTABILITY = YES;
				ENABLE_USER_SCRIPT_SANDBOXING = YES;
				GCC_C_LANGUAGE_STANDARD = gnu17;
				GCC_DYNAMIC_NO_PIC = NO;
				GCC_NO_COMMON_BLOCKS = YES;
				GCC_OPTIMIZATION_LEVEL = 0;
				GCC_PREPROCESSOR_DEFINITIONS = (
					"DEBUG=1",
					"$(inherited)",
				);
				GCC_WARN_64_TO_32_BIT_CONVERSION = YES;
				GCC_WARN_ABOUT_RETURN_TYPE = YES_ERROR;
				GCC_WARN_UNDECLARED_SELECTOR = YES;
				GCC_WARN_UNINITIALIZED_AUTOS = YES_AGGRESSIVE;
				GCC_WARN_UNUSED_FUNCTION = YES;
				GCC_WARN_UNUSED_VARIABLE = YES;
				LOCALIZATION_PREFERS_STRING_CATALOGS = YES;
				MACOSX_DEPLOYMENT_TARGET = 14.5;
				MTL_ENABLE_DEBUG_INFO = INCLUDE_SOURCE;
				MTL_FAST_MATH = YES;
				ONLY_ACTIVE_ARCH = YES;
				SDKROOT = macosx;
				SWIFT_ACTIVE_COMPILATION_CONDITIONS = "DEBUG $(inherited)";
				SWIFT_OPTIMIZATION_LEVEL = "-Onone";
			};
			name = Debug;
		};
		E78A9C542C6233BD00AA2FF2 /* Release */ = {
			isa = XCBuildConfiguration;
			buildSettings = {
				ALWAYS_SEARCH_USER_PATHS = NO;
				ASSETCATALOG_COMPILER_GENERATE_SWIFT_ASSET_SYMBOL_EXTENSIONS = YES;
				CLANG_ANALYZER_NONNULL = YES;
				CLANG_ANALYZER_NUMBER_OBJECT_CONVERSION = YES_AGGRESSIVE;
				CLANG_CXX_LANGUAGE_STANDARD = "gnu++20";
				CLANG_ENABLE_MODULES = YES;
				CLANG_ENABLE_OBJC_ARC = YES;
				CLANG_ENABLE_OBJC_WEAK = YES;
				CLANG_WARN_BLOCK_CAPTURE_AUTORELEASING = YES;
				CLANG_WARN_BOOL_CONVERSION = YES;
				CLANG_WARN_COMMA = YES;
				CLANG_WARN_CONSTANT_CONVERSION = YES;
				CLANG_WARN_DEPRECATED_OBJC_IMPLEMENTATIONS = YES;
				CLANG_WARN_DIRECT_OBJC_ISA_USAGE = YES_ERROR;
				CLANG_WARN_DOCUMENTATION_COMMENTS = YES;
				CLANG_WARN_EMPTY_BODY = YES;
				CLANG_WARN_ENUM_CONVERSION = YES;
				CLANG_WARN_INFINITE_RECURSION = YES;
				CLANG_WARN_INT_CONVERSION = YES;
				CLANG_WARN_NON_LITERAL_NULL_CONVERSION = YES;
				CLANG_WARN_OBJC_IMPLICIT_RETAIN_SELF = YES;
				CLANG_WARN_OBJC_LITERAL_CONVERSION = YES;
				CLANG_WARN_OBJC_ROOT_CLASS = YES_ERROR;
				CLANG_WARN_QUOTED_INCLUDE_IN_FRAMEWORK_HEADER = YES;
				CLANG_WARN_RANGE_LOOP_ANALYSIS = YES;
				CLANG_WARN_STRICT_PROTOTYPES = YES;
				CLANG_WARN_SUSPICIOUS_MOVE = YES;
				CLANG_WARN_UNGUARDED_AVAILABILITY = YES_AGGRESSIVE;
				CLANG_WARN_UNREACHABLE_CODE = YES;
				CLANG_WARN__DUPLICATE_METHOD_MATCH = YES;
				COPY_PHASE_STRIP = NO;
				DEBUG_INFORMATION_FORMAT = "dwarf-with-dsym";
				ENABLE_NS_ASSERTIONS = NO;
				ENABLE_STRICT_OBJC_MSGSEND = YES;
				ENABLE_USER_SCRIPT_SANDBOXING = YES;
				GCC_C_LANGUAGE_STANDARD = gnu17;
				GCC_NO_COMMON_BLOCKS = YES;
				GCC_WARN_64_TO_32_BIT_CONVERSION = YES;
				GCC_WARN_ABOUT_RETURN_TYPE = YES_ERROR;
				GCC_WARN_UNDECLARED_SELECTOR = YES;
				GCC_WARN_UNINITIALIZED_AUTOS = YES_AGGRESSIVE;
				GCC_WARN_UNUSED_FUNCTION = YES;
				GCC_WARN_UNUSED_VARIABLE = YES;
				LOCALIZATION_PREFERS_STRING_CATALOGS = YES;
				MACOSX_DEPLOYMENT_TARGET = 14.5;
				MTL_ENABLE_DEBUG_INFO = NO;
				MTL_FAST_MATH = YES;
				SDKROOT = macosx;
				SWIFT_COMPILATION_MODE = wholemodule;
			};
			name = Release;
		};
		E78A9C562C6233BD00AA2FF2 /* Debug */ = {
			isa = XCBuildConfiguration;
			buildSettings = {
				ASSETCATALOG_COMPILER_APPICON_NAME = AppIcon;
				ASSETCATALOG_COMPILER_GLOBAL_ACCENT_COLOR_NAME = AccentColor;
				CODE_SIGN_ENTITLEMENTS = AppKitHierarchicalListPerformance.entitlements;
				CODE_SIGN_STYLE = Automatic;
				COMBINE_HIDPI_IMAGES = YES;
				CURRENT_PROJECT_VERSION = 1;
				DEVELOPMENT_TEAM = "";
				ENABLE_HARDENED_RUNTIME = YES;
				GENERATE_INFOPLIST_FILE = YES;
				INFOPLIST_KEY_NSHumanReadableCopyright = "";
				INFOPLIST_KEY_NSMainNibFile = MainMenu;
				INFOPLIST_KEY_NSPrincipalClass = NSApplication;
				INFOPLIST_KEY_UILaunchStoryboardName = "";
				LD_RUNPATH_SEARCH_PATHS = (
					"$(inherited)",
					"@executable_path/../Frameworks",
				);
				MARKETING_VERSION = 1.0;
				PRODUCT_BUNDLE_IDENTIFIER = com.royalapps.AppKitHierarchicalListPerformance;
				PRODUCT_NAME = "$(TARGET_NAME)";
				SWIFT_EMIT_LOC_STRINGS = YES;
				SWIFT_VERSION = 5.0;
			};
			name = Debug;
		};
		E78A9C572C6233BD00AA2FF2 /* Release */ = {
			isa = XCBuildConfiguration;
			buildSettings = {
				ASSETCATALOG_COMPILER_APPICON_NAME = AppIcon;
				ASSETCATALOG_COMPILER_GLOBAL_ACCENT_COLOR_NAME = AccentColor;
				CODE_SIGN_ENTITLEMENTS = AppKitHierarchicalListPerformance.entitlements;
				CODE_SIGN_STYLE = Automatic;
				COMBINE_HIDPI_IMAGES = YES;
				CURRENT_PROJECT_VERSION = 1;
				DEVELOPMENT_TEAM = "";
				ENABLE_HARDENED_RUNTIME = YES;
				GENERATE_INFOPLIST_FILE = YES;
				INFOPLIST_KEY_NSHumanReadableCopyright = "";
				INFOPLIST_KEY_NSMainNibFile = MainMenu;
				INFOPLIST_KEY_NSPrincipalClass = NSApplication;
				INFOPLIST_KEY_UILaunchStoryboardName = "";
				LD_RUNPATH_SEARCH_PATHS = (
					"$(inherited)",
					"@executable_path/../Frameworks",
				);
				MARKETING_VERSION = 1.0;
				PRODUCT_BUNDLE_IDENTIFIER = com.royalapps.AppKitHierarchicalListPerformance;
				PRODUCT_NAME = "$(TARGET_NAME)";
				SWIFT_EMIT_LOC_STRINGS = YES;
				SWIFT_VERSION = 5.0;
			};
			name = Release;
		};
/* End XCBuildConfiguration section */

/* Begin XCConfigurationList section */
		E78A9C432C6233BC00AA2FF2 /* Build configuration list for PBXProject "AppKitHierarchicalListPerformance" */ = {
			isa = XCConfigurationList;
			buildConfigurations = (
				E78A9C532C6233BD00AA2FF2 /* Debug */,
				E78A9C542C6233BD00AA2FF2 /* Release */,
			);
			defaultConfigurationIsVisible = 0;
			defaultConfigurationName = Release;
		};
		E78A9C552C6233BD00AA2FF2 /* Build configuration list for PBXNativeTarget "AppKitHierarchicalListPerformance" */ = {
			isa = XCConfigurationList;
			buildConfigurations = (
				E78A9C562C6233BD00AA2FF2 /* Debug */,
				E78A9C572C6233BD00AA2FF2 /* Release */,
			);
			defaultConfigurationIsVisible = 0;
			defaultConfigurationName = Release;
		};
/* End XCConfigurationList section */
	};
	rootObject = E78A9C402C6233BC00AA2FF2 /* Project object */;
}
